{
  "name": "mmee",
  "version": "1.0.0",
  "lockfileVersion": 1,
  "requires": true,
  "dependencies": {
    "odex": {
      "version": "2.0.4",
      "resolved": "https://registry.npmjs.org/odex/-/odex-2.0.4.tgz",
      "integrity": "sha1-VPZKtwZnNrjJAGhgYBVvOpBURw8="
    },
    "readline-sync": {
      "version": "1.4.9",
      "resolved": "https://registry.npmjs.org/readline-sync/-/readline-sync-1.4.9.tgz",
      "integrity": "sha1-PtqOZfI80qF+YTAbHwADOWr17No="
    },
    "xmlhttprequest": {
      "version": "1.8.0",
      "resolved": "https://registry.npmjs.org/xmlhttprequest/-/xmlhttprequest-1.8.0.tgz",
      "integrity": "sha1-Z/4HXFwk/vOfnWX197f+dRcZaPw="
    }
  }
}
